
Microsoft Visual Studio Solution File, Format Version 12.00
# Visual Studio Version 16
VisualStudioVersion = 16.0.29926.136
MinimumVisualStudioVersion = 10.0.40219.1
Project("{9A19103F-16F7-4668-BE54-9A1E7A4F7556}") = "CastleChat", "CastleChat\CastleChat.csproj", "{842201AD-DF56-4374-B718-6D468AD4005F}"
EndProject
Project("{FAE04EC0-301F-11D3-BF4B-00C04F79EFBC}") = "CastleChat.Test", "CastleChat.Test\CastleChat.Test.csproj", "{50609F69-B552-453F-ACA3-6E381B82795C}"
EndProject
Global
	GlobalSection(SolutionConfigurationPlatforms) = preSolution
		Debug|Any CPU = Debug|Any CPU
		Release|Any CPU = Release|Any CPU
	EndGlobalSection
	GlobalSection(ProjectConfigurationPlatforms) = postSolution
		{842201AD-DF56-4374-B718-6D468AD4005F}.Debug|Any CPU.ActiveCfg = Debug|Any CPU
		{842201AD-DF56-4374-B718-6D468AD4005F}.Debug|Any CPU.Build.0 = Debug|Any CPU
		{842201AD-DF56-4374-B718-6D468AD4005F}.Release|Any CPU.ActiveCfg = Release|Any CPU
		{842201AD-DF56-4374-B718-6D468AD4005F}.Release|Any CPU.Build.0 = Release|Any CPU
		{50609F69-B552-453F-ACA3-6E381B82795C}.Debug|Any CPU.ActiveCfg = Debug|Any CPU
		{50609F69-B552-453F-ACA3-6E381B82795C}.Debug|Any CPU.Build.0 = Debug|Any CPU
		{50609F69-B552-453F-ACA3-6E381B82795C}.Release|Any CPU.ActiveCfg = Release|Any CPU
		{50609F69-B552-453F-ACA3-6E381B82795C}.Release|Any CPU.Build.0 = Release|Any CPU
	EndGlobalSection
	GlobalSection(SolutionProperties) = preSolution
		HideSolutionNode = FALSE
	EndGlobalSection
	GlobalSection(ExtensibilityGlobals) = postSolution
		SolutionGuid = {DB781DD2-EAFD-488D-926B-97D9A732B465}
	EndGlobalSection
EndGlobal
